
Microsoft Visual Studio Solution File, Format Version 12.00
# Visual Studio Version 17
VisualStudioVersion = 17.0.32014.148
MinimumVisualStudioVersion = 10.0.40219.1
Project("{FAE04EC0-301F-11D3-BF4B-00C04F79EFBC}") = "Localiza.Frotas", "Localiza.Frotas\Localiza.Frotas.csproj", "{DA8A8177-B937-4553-919E-D3CF6F64C34C}"
EndProject
Project("{FAE04EC0-301F-11D3-BF4B-00C04F79EFBC}") = "Localiza.Frotas.Domain", "Localiza.Frotas.Domain\Localiza.Frotas.Domain.csproj", "{D2731FB8-456E-4D1B-A029-FEC5A113FA09}"
EndProject
Project("{FAE04EC0-301F-11D3-BF4B-00C04F79EFBC}") = "Localiza.Frotas.Infra", "Localiza.Frotas.Infra\Localiza.Frotas.Infra.csproj", "{260C262C-CC92-423F-AD39-6EB090182299}"
EndProject
Global
	GlobalSection(SolutionConfigurationPlatforms) = preSolution
		Debug|Any CPU = Debug|Any CPU
		Release|Any CPU = Release|Any CPU
	EndGlobalSection
	GlobalSection(ProjectConfigurationPlatforms) = postSolution
		{DA8A8177-B937-4553-919E-D3CF6F64C34C}.Debug|Any CPU.ActiveCfg = Debug|Any CPU
		{DA8A8177-B937-4553-919E-D3CF6F64C34C}.Debug|Any CPU.Build.0 = Debug|Any CPU
		{DA8A8177-B937-4553-919E-D3CF6F64C34C}.Release|Any CPU.ActiveCfg = Release|Any CPU
		{DA8A8177-B937-4553-919E-D3CF6F64C34C}.Release|Any CPU.Build.0 = Release|Any CPU
		{D2731FB8-456E-4D1B-A029-FEC5A113FA09}.Debug|Any CPU.ActiveCfg = Debug|Any CPU
		{D2731FB8-456E-4D1B-A029-FEC5A113FA09}.Debug|Any CPU.Build.0 = Debug|Any CPU
		{D2731FB8-456E-4D1B-A029-FEC5A113FA09}.Release|Any CPU.ActiveCfg = Release|Any CPU
		{D2731FB8-456E-4D1B-A029-FEC5A113FA09}.Release|Any CPU.Build.0 = Release|Any CPU
		{260C262C-CC92-423F-AD39-6EB090182299}.Debug|Any CPU.ActiveCfg = Debug|Any CPU
		{260C262C-CC92-423F-AD39-6EB090182299}.Debug|Any CPU.Build.0 = Debug|Any CPU
		{260C262C-CC92-423F-AD39-6EB090182299}.Release|Any CPU.ActiveCfg = Release|Any CPU
		{260C262C-CC92-423F-AD39-6EB090182299}.Release|Any CPU.Build.0 = Release|Any CPU
	EndGlobalSection
	GlobalSection(SolutionProperties) = preSolution
		HideSolutionNode = FALSE
	EndGlobalSection
	GlobalSection(ExtensibilityGlobals) = postSolution
		SolutionGuid = {A5A09C2D-616F-434F-A5FA-32BFC750C54B}
	EndGlobalSection
EndGlobal
